
Microsoft Visual Studio Solution File, Format Version 12.00
# Visual Studio 15
VisualStudioVersion = 15.0.28307.329
MinimumVisualStudioVersion = 10.0.40219.1
Project("{FAE04EC0-301F-11D3-BF4B-00C04F79EFBC}") = "MusicReport", "MusicReport\MusicReport.csproj", "{6BDD6DF3-2BE1-4EFC-8DD6-F0505F29A31E}"
EndProject
Global
	GlobalSection(SolutionConfigurationPlatforms) = preSolution
		Debug|Any CPU = Debug|Any CPU
		Release|Any CPU = Release|Any CPU
	EndGlobalSection
	GlobalSection(ProjectConfigurationPlatforms) = postSolution
		{6BDD6DF3-2BE1-4EFC-8DD6-F0505F29A31E}.Debug|Any CPU.ActiveCfg = Debug|Any CPU
		{6BDD6DF3-2BE1-4EFC-8DD6-F0505F29A31E}.Debug|Any CPU.Build.0 = Debug|Any CPU
		{6BDD6DF3-2BE1-4EFC-8DD6-F0505F29A31E}.Release|Any CPU.ActiveCfg = Release|Any CPU
		{6BDD6DF3-2BE1-4EFC-8DD6-F0505F29A31E}.Release|Any CPU.Build.0 = Release|Any CPU
	EndGlobalSection
	GlobalSection(SolutionProperties) = preSolution
		HideSolutionNode = FALSE
	EndGlobalSection
	GlobalSection(ExtensibilityGlobals) = postSolution
		SolutionGuid = {292B4E84-D820-4692-A700-949D7F0F7A95}
	EndGlobalSection
EndGlobal
